
Microsoft Visual Studio Solution File, Format Version 12.00
# Visual Studio Version 17
VisualStudioVersion = 17.14.37516.0 d17.14
MinimumVisualStudioVersion = 10.0.40219.1
Project("{FAE04EC0-301F-11D3-BF4B-00C04F79EFBC}") = "MiniEventPlanManagement.Mvc", "MiniEventPlanManagement.Mvc\MiniEventPlanManagement.Mvc.csproj", "{FB8FD250-E5E8-41C0-9DCE-75D0778493D6}"
EndProject
Project("{FAE04EC0-301F-11D3-BF4B-00C04F79EFBC}") = "MiniEventPlanManagement.Database", "MiniEventPlanManagement.Database\MiniEventPlanManagement.Database.csproj", "{5798946A-E82E-45D8-80F4-6112D8718236}"
EndProject
Project("{FAE04EC0-301F-11D3-BF4B-00C04F79EFBC}") = "MiniEventPlanManagement.Domain", "MiniEventPlanManagement.Domain\MiniEventPlanManagement.Domain.csproj", "{96E414B9-925D-4227-9ED0-FD6845AE9B8F}"
EndProject
Global
	GlobalSection(SolutionConfigurationPlatforms) = preSolution
		Debug|Any CPU = Debug|Any CPU
		Release|Any CPU = Release|Any CPU
	EndGlobalSection
	GlobalSection(ProjectConfigurationPlatforms) = postSolution
		{FB8FD250-E5E8-41C0-9DCE-75D0778493D6}.Debug|Any CPU.ActiveCfg = Debug|Any CPU
		{FB8FD250-E5E8-41C0-9DCE-75D0778493D6}.Debug|Any CPU.Build.0 = Debug|Any CPU
		{FB8FD250-E5E8-41C0-9DCE-75D0778493D6}.Release|Any CPU.ActiveCfg = Release|Any CPU
		{FB8FD250-E5E8-41C0-9DCE-75D0778493D6}.Release|Any CPU.Build.0 = Release|Any CPU
		{5798946A-E82E-45D8-80F4-6112D8718236}.Debug|Any CPU.ActiveCfg = Debug|Any CPU
		{5798946A-E82E-45D8-80F4-6112D8718236}.Debug|Any CPU.Build.0 = Debug|Any CPU
		{5798946A-E82E-45D8-80F4-6112D8718236}.Release|Any CPU.ActiveCfg = Release|Any CPU
		{5798946A-E82E-45D8-80F4-6112D8718236}.Release|Any CPU.Build.0 = Release|Any CPU
		{96E414B9-925D-4227-9ED0-FD6845AE9B8F}.Debug|Any CPU.ActiveCfg = Debug|Any CPU
		{96E414B9-925D-4227-9ED0-FD6845AE9B8F}.Debug|Any CPU.Build.0 = Debug|Any CPU
		{96E414B9-925D-4227-9ED0-FD6845AE9B8F}.Release|Any CPU.ActiveCfg = Release|Any CPU
		{96E414B9-925D-4227-9ED0-FD6845AE9B8F}.Release|Any CPU.Build.0 = Release|Any CPU
	EndGlobalSection
	GlobalSection(SolutionProperties) = preSolution
		HideSolutionNode = FALSE
	EndGlobalSection
	GlobalSection(ExtensibilityGlobals) = postSolution
		SolutionGuid = {1028F71A-5539-4EE1-BAE7-5A78EAE8B487}
	EndGlobalSection
EndGlobal
